
Microsoft Visual Studio Solution File, Format Version 12.00
# Visual Studio Version 17
VisualStudioVersion = 17.1.32228.430
MinimumVisualStudioVersion = 10.0.40219.1
Project("{FAE04EC0-301F-11D3-BF4B-00C04F79EFBC}") = "XamEFCore.Android", "XamEFCore\XamEFCore.Android\XamEFCore.Android.csproj", "{5E2605D3-F14D-4443-87D1-2D8FB5D074AD}"
EndProject
Project("{FAE04EC0-301F-11D3-BF4B-00C04F79EFBC}") = "XamEFCore.iOS", "XamEFCore\XamEFCore.iOS\XamEFCore.iOS.csproj", "{3D4DFE05-890E-40E9-AF62-F9DDDD8924A6}"
EndProject
Project("{FAE04EC0-301F-11D3-BF4B-00C04F79EFBC}") = "XamEFCore", "XamEFCore\XamEFCore\XamEFCore.csproj", "{12F619BD-61EF-4FC8-8284-B8E6C37FBDE7}"
EndProject
Global
	GlobalSection(SolutionConfigurationPlatforms) = preSolution
		Debug|Any CPU = Debug|Any CPU
		Debug|iPhone = Debug|iPhone
		Debug|iPhoneSimulator = Debug|iPhoneSimulator
		Release|Any CPU = Release|Any CPU
		Release|iPhone = Release|iPhone
		Release|iPhoneSimulator = Release|iPhoneSimulator
	EndGlobalSection
	GlobalSection(ProjectConfigurationPlatforms) = postSolution
		{5E2605D3-F14D-4443-87D1-2D8FB5D074AD}.Debug|Any CPU.ActiveCfg = Debug|Any CPU
		{5E2605D3-F14D-4443-87D1-2D8FB5D074AD}.Debug|Any CPU.Build.0 = Debug|Any CPU
		{5E2605D3-F14D-4443-87D1-2D8FB5D074AD}.Debug|Any CPU.Deploy.0 = Debug|Any CPU
		{5E2605D3-F14D-4443-87D1-2D8FB5D074AD}.Debug|iPhone.ActiveCfg = Debug|Any CPU
		{5E2605D3-F14D-4443-87D1-2D8FB5D074AD}.Debug|iPhone.Build.0 = Debug|Any CPU
		{5E2605D3-F14D-4443-87D1-2D8FB5D074AD}.Debug|iPhone.Deploy.0 = Debug|Any CPU
		{5E2605D3-F14D-4443-87D1-2D8FB5D074AD}.Debug|iPhoneSimulator.ActiveCfg = Debug|Any CPU
		{5E2605D3-F14D-4443-87D1-2D8FB5D074AD}.Debug|iPhoneSimulator.Build.0 = Debug|Any CPU
		{5E2605D3-F14D-4443-87D1-2D8FB5D074AD}.Debug|iPhoneSimulator.Deploy.0 = Debug|Any CPU
		{5E2605D3-F14D-4443-87D1-2D8FB5D074AD}.Release|Any CPU.ActiveCfg = Release|Any CPU
		{5E2605D3-F14D-4443-87D1-2D8FB5D074AD}.Release|Any CPU.Build.0 = Release|Any CPU
		{5E2605D3-F14D-4443-87D1-2D8FB5D074AD}.Release|Any CPU.Deploy.0 = Release|Any CPU
		{5E2605D3-F14D-4443-87D1-2D8FB5D074AD}.Release|iPhone.ActiveCfg = Release|Any CPU
		{5E2605D3-F14D-4443-87D1-2D8FB5D074AD}.Release|iPhone.Build.0 = Release|Any CPU
		{5E2605D3-F14D-4443-87D1-2D8FB5D074AD}.Release|iPhone.Deploy.0 = Release|Any CPU
		{5E2605D3-F14D-4443-87D1-2D8FB5D074AD}.Release|iPhoneSimulator.ActiveCfg = Release|Any CPU
		{5E2605D3-F14D-4443-87D1-2D8FB5D074AD}.Release|iPhoneSimulator.Build.0 = Release|Any CPU
		{5E2605D3-F14D-4443-87D1-2D8FB5D074AD}.Release|iPhoneSimulator.Deploy.0 = Release|Any CPU
		{3D4DFE05-890E-40E9-AF62-F9DDDD8924A6}.Debug|Any CPU.ActiveCfg = Debug|iPhone
		{3D4DFE05-890E-40E9-AF62-F9DDDD8924A6}.Debug|Any CPU.Build.0 = Debug|iPhone
		{3D4DFE05-890E-40E9-AF62-F9DDDD8924A6}.Debug|Any CPU.Deploy.0 = Debug|iPhone
		{3D4DFE05-890E-40E9-AF62-F9DDDD8924A6}.Debug|iPhone.ActiveCfg = Debug|iPhone
		{3D4DFE05-890E-40E9-AF62-F9DDDD8924A6}.Debug|iPhone.Build.0 = Debug|iPhone
		{3D4DFE05-890E-40E9-AF62-F9DDDD8924A6}.Debug|iPhone.Deploy.0 = Debug|iPhone
		{3D4DFE05-890E-40E9-AF62-F9DDDD8924A6}.Debug|iPhoneSimulator.ActiveCfg = Debug|iPhoneSimulator
		{3D4DFE05-890E-40E9-AF62-F9DDDD8924A6}.Debug|iPhoneSimulator.Build.0 = Debug|iPhoneSimulator
		{3D4DFE05-890E-40E9-AF62-F9DDDD8924A6}.Debug|iPhoneSimulator.Deploy.0 = Debug|iPhoneSimulator
		{3D4DFE05-890E-40E9-AF62-F9DDDD8924A6}.Release|Any CPU.ActiveCfg = Release|iPhoneSimulator
		{3D4DFE05-890E-40E9-AF62-F9DDDD8924A6}.Release|Any CPU.Build.0 = Release|iPhoneSimulator
		{3D4DFE05-890E-40E9-AF62-F9DDDD8924A6}.Release|Any CPU.Deploy.0 = Release|iPhoneSimulator
		{3D4DFE05-890E-40E9-AF62-F9DDDD8924A6}.Release|iPhone.ActiveCfg = Release|iPhone
		{3D4DFE05-890E-40E9-AF62-F9DDDD8924A6}.Release|iPhone.Build.0 = Release|iPhone
		{3D4DFE05-890E-40E9-AF62-F9DDDD8924A6}.Release|iPhone.Deploy.0 = Release|iPhone
		{3D4DFE05-890E-40E9-AF62-F9DDDD8924A6}.Release|iPhoneSimulator.ActiveCfg = Release|iPhoneSimulator
		{3D4DFE05-890E-40E9-AF62-F9DDDD8924A6}.Release|iPhoneSimulator.Build.0 = Release|iPhoneSimulator
		{3D4DFE05-890E-40E9-AF62-F9DDDD8924A6}.Release|iPhoneSimulator.Deploy.0 = Release|iPhoneSimulator
		{12F619BD-61EF-4FC8-8284-B8E6C37FBDE7}.Debug|Any CPU.ActiveCfg = Debug|Any CPU
		{12F619BD-61EF-4FC8-8284-B8E6C37FBDE7}.Debug|Any CPU.Build.0 = Debug|Any CPU
		{12F619BD-61EF-4FC8-8284-B8E6C37FBDE7}.Debug|Any CPU.Deploy.0 = Debug|Any CPU
		{12F619BD-61EF-4FC8-8284-B8E6C37FBDE7}.Debug|iPhone.ActiveCfg = Debug|Any CPU
		{12F619BD-61EF-4FC8-8284-B8E6C37FBDE7}.Debug|iPhone.Build.0 = Debug|Any CPU
		{12F619BD-61EF-4FC8-8284-B8E6C37FBDE7}.Debug|iPhone.Deploy.0 = Debug|Any CPU
		{12F619BD-61EF-4FC8-8284-B8E6C37FBDE7}.Debug|iPhoneSimulator.ActiveCfg = Debug|Any CPU
		{12F619BD-61EF-4FC8-8284-B8E6C37FBDE7}.Debug|iPhoneSimulator.Build.0 = Debug|Any CPU
		{12F619BD-61EF-4FC8-8284-B8E6C37FBDE7}.Debug|iPhoneSimulator.Deploy.0 = Debug|Any CPU
		{12F619BD-61EF-4FC8-8284-B8E6C37FBDE7}.Release|Any CPU.ActiveCfg = Release|Any CPU
		{12F619BD-61EF-4FC8-8284-B8E6C37FBDE7}.Release|Any CPU.Build.0 = Release|Any CPU
		{12F619BD-61EF-4FC8-8284-B8E6C37FBDE7}.Release|Any CPU.Deploy.0 = Release|Any CPU
		{12F619BD-61EF-4FC8-8284-B8E6C37FBDE7}.Release|iPhone.ActiveCfg = Release|Any CPU
		{12F619BD-61EF-4FC8-8284-B8E6C37FBDE7}.Release|iPhone.Build.0 = Release|Any CPU
		{12F619BD-61EF-4FC8-8284-B8E6C37FBDE7}.Release|iPhone.Deploy.0 = Release|Any CPU
		{12F619BD-61EF-4FC8-8284-B8E6C37FBDE7}.Release|iPhoneSimulator.ActiveCfg = Release|Any CPU
		{12F619BD-61EF-4FC8-8284-B8E6C37FBDE7}.Release|iPhoneSimulator.Build.0 = Release|Any CPU
		{12F619BD-61EF-4FC8-8284-B8E6C37FBDE7}.Release|iPhoneSimulator.Deploy.0 = Release|Any CPU
	EndGlobalSection
	GlobalSection(SolutionProperties) = preSolution
		HideSolutionNode = FALSE
	EndGlobalSection
	GlobalSection(ExtensibilityGlobals) = postSolution
		SolutionGuid = {8EB295E0-EE1D-41CF-AF61-D8EC56243E4B}
	EndGlobalSection
EndGlobal
